
Microsoft Visual Studio Solution File, Format Version 12.00
# Visual Studio Version 17
VisualStudioVersion = 17.1.32319.34
MinimumVisualStudioVersion = 10.0.40219.1
Project("{9A19103F-16F7-4668-BE54-9A1E7A4F7556}") = "SwitchPresentation", "SwitchPresentation.csproj", "{9C897170-8831-48DC-89E3-1D141FB25596}"
	ProjectSection(ProjectDependencies) = postProject
		{AA10CFBE-3B09-41A7-A2AA-7E2218D1C76F} = {AA10CFBE-3B09-41A7-A2AA-7E2218D1C76F}
	EndProjectSection
EndProject
Project("{9A19103F-16F7-4668-BE54-9A1E7A4F7556}") = "SwitchDAL", "..\SwitchDAL\SwitchDAL.csproj", "{49183A66-B367-49F0-AAA9-BBEA567DCD7D}"
	ProjectSection(ProjectDependencies) = postProject
		{B9BDE327-72EE-4044-AA6C-7FC6904A47C1} = {B9BDE327-72EE-4044-AA6C-7FC6904A47C1}
		{4D5A2628-D76C-41D4-B6CB-D350750E7442} = {4D5A2628-D76C-41D4-B6CB-D350750E7442}
	EndProjectSection
EndProject
Project("{9A19103F-16F7-4668-BE54-9A1E7A4F7556}") = "SwitchLogic", "..\SwitchLogic\SwitchLogic.csproj", "{AA10CFBE-3B09-41A7-A2AA-7E2218D1C76F}"
	ProjectSection(ProjectDependencies) = postProject
		{B9BDE327-72EE-4044-AA6C-7FC6904A47C1} = {B9BDE327-72EE-4044-AA6C-7FC6904A47C1}
	EndProjectSection
EndProject
Project("{9A19103F-16F7-4668-BE54-9A1E7A4F7556}") = "SwitchInterfaces", "..\SwitchInterface\SwitchInterfaces.csproj", "{B9BDE327-72EE-4044-AA6C-7FC6904A47C1}"
	ProjectSection(ProjectDependencies) = postProject
		{4D5A2628-D76C-41D4-B6CB-D350750E7442} = {4D5A2628-D76C-41D4-B6CB-D350750E7442}
	EndProjectSection
EndProject
Project("{9A19103F-16F7-4668-BE54-9A1E7A4F7556}") = "SwitchDTO", "..\SwitchDTO\SwitchDTO.csproj", "{4D5A2628-D76C-41D4-B6CB-D350750E7442}"
EndProject
Global
	GlobalSection(SolutionConfigurationPlatforms) = preSolution
		Debug|Any CPU = Debug|Any CPU
		Release|Any CPU = Release|Any CPU
	EndGlobalSection
	GlobalSection(ProjectConfigurationPlatforms) = postSolution
		{9C897170-8831-48DC-89E3-1D141FB25596}.Debug|Any CPU.ActiveCfg = Debug|Any CPU
		{9C897170-8831-48DC-89E3-1D141FB25596}.Debug|Any CPU.Build.0 = Debug|Any CPU
		{9C897170-8831-48DC-89E3-1D141FB25596}.Release|Any CPU.ActiveCfg = Release|Any CPU
		{9C897170-8831-48DC-89E3-1D141FB25596}.Release|Any CPU.Build.0 = Release|Any CPU
		{49183A66-B367-49F0-AAA9-BBEA567DCD7D}.Debug|Any CPU.ActiveCfg = Debug|Any CPU
		{49183A66-B367-49F0-AAA9-BBEA567DCD7D}.Debug|Any CPU.Build.0 = Debug|Any CPU
		{49183A66-B367-49F0-AAA9-BBEA567DCD7D}.Release|Any CPU.ActiveCfg = Release|Any CPU
		{49183A66-B367-49F0-AAA9-BBEA567DCD7D}.Release|Any CPU.Build.0 = Release|Any CPU
		{AA10CFBE-3B09-41A7-A2AA-7E2218D1C76F}.Debug|Any CPU.ActiveCfg = Debug|Any CPU
		{AA10CFBE-3B09-41A7-A2AA-7E2218D1C76F}.Debug|Any CPU.Build.0 = Debug|Any CPU
		{AA10CFBE-3B09-41A7-A2AA-7E2218D1C76F}.Release|Any CPU.ActiveCfg = Release|Any CPU
		{AA10CFBE-3B09-41A7-A2AA-7E2218D1C76F}.Release|Any CPU.Build.0 = Release|Any CPU
		{B9BDE327-72EE-4044-AA6C-7FC6904A47C1}.Debug|Any CPU.ActiveCfg = Debug|Any CPU
		{B9BDE327-72EE-4044-AA6C-7FC6904A47C1}.Debug|Any CPU.Build.0 = Debug|Any CPU
		{B9BDE327-72EE-4044-AA6C-7FC6904A47C1}.Release|Any CPU.ActiveCfg = Release|Any CPU
		{B9BDE327-72EE-4044-AA6C-7FC6904A47C1}.Release|Any CPU.Build.0 = Release|Any CPU
		{4D5A2628-D76C-41D4-B6CB-D350750E7442}.Debug|Any CPU.ActiveCfg = Debug|Any CPU
		{4D5A2628-D76C-41D4-B6CB-D350750E7442}.Debug|Any CPU.Build.0 = Debug|Any CPU
		{4D5A2628-D76C-41D4-B6CB-D350750E7442}.Release|Any CPU.ActiveCfg = Release|Any CPU
		{4D5A2628-D76C-41D4-B6CB-D350750E7442}.Release|Any CPU.Build.0 = Release|Any CPU
	EndGlobalSection
	GlobalSection(SolutionProperties) = preSolution
		HideSolutionNode = FALSE
	EndGlobalSection
	GlobalSection(ExtensibilityGlobals) = postSolution
		SolutionGuid = {4EBB7B4A-39D0-430D-893B-82A0DB1CFB95}
	EndGlobalSection
EndGlobal
