
Microsoft Visual Studio Solution File, Format Version 12.00
# Visual Studio Version 17
VisualStudioVersion = 17.1.32228.430
MinimumVisualStudioVersion = 10.0.40219.1
Project("{9A19103F-16F7-4668-BE54-9A1E7A4F7556}") = "Smoke", "Smoke.csproj", "{0D380888-DF6F-42F2-A6AB-B6F0172DDF37}"
	ProjectSection(ProjectDependencies) = postProject
		{2922B847-1149-4BB8-B877-3EE45B494FE3} = {2922B847-1149-4BB8-B877-3EE45B494FE3}
	EndProjectSection
EndProject
Project("{9A19103F-16F7-4668-BE54-9A1E7A4F7556}") = "SmokeDAL", "..\SmokeDAL\SmokeDAL.csproj", "{EADC05B0-1139-4B8A-8DAD-9A9820EA9225}"
	ProjectSection(ProjectDependencies) = postProject
		{5BEA1A44-8671-4BA2-8E36-884E8AA517F7} = {5BEA1A44-8671-4BA2-8E36-884E8AA517F7}
		{5ADEC4BA-21C2-40B5-B7C3-E90AB17FC4E4} = {5ADEC4BA-21C2-40B5-B7C3-E90AB17FC4E4}
	EndProjectSection
EndProject
Project("{9A19103F-16F7-4668-BE54-9A1E7A4F7556}") = "SmokeLogic", "..\SmokeLogic\SmokeLogic.csproj", "{2922B847-1149-4BB8-B877-3EE45B494FE3}"
	ProjectSection(ProjectDependencies) = postProject
		{5BEA1A44-8671-4BA2-8E36-884E8AA517F7} = {5BEA1A44-8671-4BA2-8E36-884E8AA517F7}
		{3C518153-F1AA-4B8B-A03E-21ACCF936492} = {3C518153-F1AA-4B8B-A03E-21ACCF936492}
		{5ADEC4BA-21C2-40B5-B7C3-E90AB17FC4E4} = {5ADEC4BA-21C2-40B5-B7C3-E90AB17FC4E4}
	EndProjectSection
EndProject
Project("{FAE04EC0-301F-11D3-BF4B-00C04F79EFBC}") = "SmokeInterfaces", "..\SmokeInterfaces\SmokeInterfaces.csproj", "{5ADEC4BA-21C2-40B5-B7C3-E90AB17FC4E4}"
	ProjectSection(ProjectDependencies) = postProject
		{5BEA1A44-8671-4BA2-8E36-884E8AA517F7} = {5BEA1A44-8671-4BA2-8E36-884E8AA517F7}
	EndProjectSection
EndProject
Project("{FAE04EC0-301F-11D3-BF4B-00C04F79EFBC}") = "SmokeFactory", "..\SmokeFactory\SmokeFactory.csproj", "{3C518153-F1AA-4B8B-A03E-21ACCF936492}"
	ProjectSection(ProjectDependencies) = postProject
		{5BEA1A44-8671-4BA2-8E36-884E8AA517F7} = {5BEA1A44-8671-4BA2-8E36-884E8AA517F7}
		{EADC05B0-1139-4B8A-8DAD-9A9820EA9225} = {EADC05B0-1139-4B8A-8DAD-9A9820EA9225}
		{5ADEC4BA-21C2-40B5-B7C3-E90AB17FC4E4} = {5ADEC4BA-21C2-40B5-B7C3-E90AB17FC4E4}
	EndProjectSection
EndProject
Project("{FAE04EC0-301F-11D3-BF4B-00C04F79EFBC}") = "SmokeDTO", "..\SmokeDTO\SmokeDTO.csproj", "{5BEA1A44-8671-4BA2-8E36-884E8AA517F7}"
EndProject
Global
	GlobalSection(SolutionConfigurationPlatforms) = preSolution
		Debug|Any CPU = Debug|Any CPU
		Release|Any CPU = Release|Any CPU
	EndGlobalSection
	GlobalSection(ProjectConfigurationPlatforms) = postSolution
		{0D380888-DF6F-42F2-A6AB-B6F0172DDF37}.Debug|Any CPU.ActiveCfg = Debug|Any CPU
		{0D380888-DF6F-42F2-A6AB-B6F0172DDF37}.Debug|Any CPU.Build.0 = Debug|Any CPU
		{0D380888-DF6F-42F2-A6AB-B6F0172DDF37}.Release|Any CPU.ActiveCfg = Release|Any CPU
		{0D380888-DF6F-42F2-A6AB-B6F0172DDF37}.Release|Any CPU.Build.0 = Release|Any CPU
		{EADC05B0-1139-4B8A-8DAD-9A9820EA9225}.Debug|Any CPU.ActiveCfg = Debug|Any CPU
		{EADC05B0-1139-4B8A-8DAD-9A9820EA9225}.Debug|Any CPU.Build.0 = Debug|Any CPU
		{EADC05B0-1139-4B8A-8DAD-9A9820EA9225}.Release|Any CPU.ActiveCfg = Release|Any CPU
		{EADC05B0-1139-4B8A-8DAD-9A9820EA9225}.Release|Any CPU.Build.0 = Release|Any CPU
		{2922B847-1149-4BB8-B877-3EE45B494FE3}.Debug|Any CPU.ActiveCfg = Debug|Any CPU
		{2922B847-1149-4BB8-B877-3EE45B494FE3}.Debug|Any CPU.Build.0 = Debug|Any CPU
		{2922B847-1149-4BB8-B877-3EE45B494FE3}.Release|Any CPU.ActiveCfg = Release|Any CPU
		{2922B847-1149-4BB8-B877-3EE45B494FE3}.Release|Any CPU.Build.0 = Release|Any CPU
		{5ADEC4BA-21C2-40B5-B7C3-E90AB17FC4E4}.Debug|Any CPU.ActiveCfg = Debug|Any CPU
		{5ADEC4BA-21C2-40B5-B7C3-E90AB17FC4E4}.Debug|Any CPU.Build.0 = Debug|Any CPU
		{5ADEC4BA-21C2-40B5-B7C3-E90AB17FC4E4}.Release|Any CPU.ActiveCfg = Release|Any CPU
		{5ADEC4BA-21C2-40B5-B7C3-E90AB17FC4E4}.Release|Any CPU.Build.0 = Release|Any CPU
		{3C518153-F1AA-4B8B-A03E-21ACCF936492}.Debug|Any CPU.ActiveCfg = Debug|Any CPU
		{3C518153-F1AA-4B8B-A03E-21ACCF936492}.Debug|Any CPU.Build.0 = Debug|Any CPU
		{3C518153-F1AA-4B8B-A03E-21ACCF936492}.Release|Any CPU.ActiveCfg = Release|Any CPU
		{3C518153-F1AA-4B8B-A03E-21ACCF936492}.Release|Any CPU.Build.0 = Release|Any CPU
		{5BEA1A44-8671-4BA2-8E36-884E8AA517F7}.Debug|Any CPU.ActiveCfg = Debug|Any CPU
		{5BEA1A44-8671-4BA2-8E36-884E8AA517F7}.Debug|Any CPU.Build.0 = Debug|Any CPU
		{5BEA1A44-8671-4BA2-8E36-884E8AA517F7}.Release|Any CPU.ActiveCfg = Release|Any CPU
		{5BEA1A44-8671-4BA2-8E36-884E8AA517F7}.Release|Any CPU.Build.0 = Release|Any CPU
	EndGlobalSection
	GlobalSection(SolutionProperties) = preSolution
		HideSolutionNode = FALSE
	EndGlobalSection
	GlobalSection(ExtensibilityGlobals) = postSolution
		SolutionGuid = {F2F6CCB6-56F9-446A-8450-97B8C2ECE9CE}
	EndGlobalSection
EndGlobal
